# This file is automatically @generated by Cargo.
# It is not intended for manual editing.
version = 4

[[package]]
name = "easy-smt"
version = "0.3.2"
source = "registry+https://github.com/rust-lang/crates.io-index"
checksum = "515cd4ec35e586919a532a81ed1e9285e2502ed3f49ecb9ba75fa3fe29eb950f"
dependencies = [
 "log",
 "unicode-segmentation",
]

[[package]]
name = "log"
version = "0.4.28"
source = "registry+https://github.com/rust-lang/crates.io-index"
checksum = "34080505efa8e45a4b816c349525ebe327ceaa8559756f0356cba97ef3bf7432"

[[package]]
name = "reversi-path-finder"
version = "0.1.0"
dependencies = [
 "easy-smt",
]

[[package]]
name = "unicode-segmentation"
version = "1.12.0"
source = "registry+https://github.com/rust-lang/crates.io-index"
checksum = "f6ccf251212114b54433ec949fd6a7841275f9ada20dddd2f29e9ceea4501493"
